// !$*UTF8*$!
{
	archiveVersion = 1;
	classes = {
	};
	objectVersion = 50;
	objects = {

/* Begin PBXBuildFile section */
		CB0B687E22F47B64002C5234 /* file.swift in Sources */ = {isa = PBXBuildFile; fileRef = CB0B687D22F47B64002C5234 /* file.swift */; };
		CB3B81E122F246AB00D8A091 /* AppDelegate.swift in Sources */ = {isa = PBXBuildFile; fileRef = CB3B81E022F246AB00D8A091 /* AppDelegate.swift */; };
		CB3B81E322F246AB00D8A091 /* ViewController.swift in Sources */ = {isa = PBXBuildFile; fileRef = CB3B81E222F246AB00D8A091 /* ViewController.swift */; };
		CB3B81E622F246AB00D8A091 /* Main.storyboard in Resources */ = {isa = PBXBuildFile; fileRef = CB3B81E422F246AB00D8A091 /* Main.storyboard */; };
		CB3B81E822F246AC00D8A091 /* Assets.xcassets in Resources */ = {isa = PBXBuildFile; fileRef = CB3B81E722F246AC00D8A091 /* Assets.xcassets */; };
		CB3B81EB22F246AC00D8A091 /* LaunchScreen.storyboard in Resources */ = {isa = PBXBuildFile; fileRef = CB3B81E922F246AC00D8A091 /* LaunchScreen.storyboard */; };
		CB3B81F622F246AC00D8A091 /* ticTacToeTests.swift in Sources */ = {isa = PBXBuildFile; fileRef = CB3B81F522F246AC00D8A091 /* ticTacToeTests.swift */; };
		CB3B820122F246AC00D8A091 /* ticTacToeUITests.swift in Sources */ = {isa = PBXBuildFile; fileRef = CB3B820022F246AC00D8A091 /* ticTacToeUITests.swift */; };
/* End PBXBuildFile section */

/* Begin PBXContainerItemProxy section */
		CB3B81F222F246AC00D8A091 /* PBXContainerItemProxy */ = {
			isa = PBXContainerItemProxy;
			containerPortal = CB3B81D522F246AB00D8A091 /* Project object */;
			proxyType = 1;
			remoteGlobalIDString = CB3B81DC22F246AB00D8A091;
			remoteInfo = ticTacToe;
		};
		CB3B81FD22F246AC00D8A091 /* PBXContainerItemProxy */ = {
			isa = PBXContainerItemProxy;
			containerPortal = CB3B81D522F246AB00D8A091 /* Project object */;
			proxyType = 1;
			remoteGlobalIDString = CB3B81DC22F246AB00D8A091;
			remoteInfo = ticTacToe;
		};
/* End PBXContainerItemProxy section */

/* Begin PBXFileReference section */
		CB0B687D22F47B64002C5234 /* file.swift */ = {isa = PBXFileReference; lastKnownFileType = sourcecode.swift; path = file.swift; sourceTree = "<group>"; };
		CB3B81DD22F246AB00D8A091 /* ticTacToe.app */ = {isa = PBXFileReference; explicitFileType = wrapper.application; includeInIndex = 0; path = ticTacToe.app; sourceTree = BUILT_PRODUCTS_DIR; };
		CB3B81E022F246AB00D8A091 /* AppDelegate.swift */ = {isa = PBXFileReference; lastKnownFileType = sourcecode.swift; path = AppDelegate.swift; sourceTree = "<group>"; };
		CB3B81E222F246AB00D8A091 /* ViewController.swift */ = {isa = PBXFileReference; lastKnownFileType = sourcecode.swift; path = ViewController.swift; sourceTree = "<group>"; };
		CB3B81E522F246AB00D8A091 /* Base */ = {isa = PBXFileReference; lastKnownFileType = file.storyboard; name = Base; path = Base.lproj/Main.storyboard; sourceTree = "<group>"; };
		CB3B81E722F246AC00D8A091 /* Assets.xcassets */ = {isa = PBXFileReference; lastKnownFileType = folder.assetcatalog; path = Assets.xcassets; sourceTree = "<group>"; };
		CB3B81EA22F246AC00D8A091 /* Base */ = {isa = PBXFileReference; lastKnownFileType = file.storyboard; name = Base; path = Base.lproj/LaunchScreen.storyboard; sourceTree = "<group>"; };
		CB3B81EC22F246AC00D8A091 /* Info.plist */ = {isa = PBXFileReference; lastKnownFileType = text.plist.xml; path = Info.plist; sourceTree = "<group>"; };
		CB3B81F122F246AC00D8A091 /* ticTacToeTests.xctest */ = {isa = PBXFileReference; explicitFileType = wrapper.cfbundle; includeInIndex = 0; path = ticTacToeTests.xctest; sourceTree = BUILT_PRODUCTS_DIR; };
		CB3B81F522F246AC00D8A091 /* ticTacToeTests.swift */ = {isa = PBXFileReference; lastKnownFileType = sourcecode.swift; path = ticTacToeTests.swift; sourceTree = "<group>"; };
		CB3B81F722F246AC00D8A091 /* Info.plist */ = {isa = PBXFileReference; lastKnownFileType = text.plist.xml; path = Info.plist; sourceTree = "<group>"; };
		CB3B81FC22F246AC00D8A091 /* ticTacToeUITests.xctest */ = {isa = PBXFileReference; explicitFileType = wrapper.cfbundle; includeInIndex = 0; path = ticTacToeUITests.xctest; sourceTree = BUILT_PRODUCTS_DIR; };
		CB3B820022F246AC00D8A091 /* ticTacToeUITests.swift */ = {isa = PBXFileReference; lastKnownFileType = sourcecode.swift; path = ticTacToeUITests.swift; sourceTree = "<group>"; };
		CB3B820222F246AC00D8A091 /* Info.plist */ = {isa = PBXFileReference; lastKnownFileType = text.plist.xml; path = Info.plist; sourceTree = "<group>"; };
/* End PBXFileReference section */

/* Begin PBXFrameworksBuildPhase section */
		CB3B81DA22F246AB00D8A091 /* Frameworks */ = {
			isa = PBXFrameworksBuildPhase;
			buildActionMask = 2147483647;
			files = (
			);
			runOnlyForDeploymentPostprocessing = 0;
		};
		CB3B81EE22F246AC00D8A091 /* Frameworks */ = {
			isa = PBXFrameworksBuildPhase;
			buildActionMask = 2147483647;
			files = (
			);
			runOnlyForDeploymentPostprocessing = 0;
		};
		CB3B81F922F246AC00D8A091 /* Frameworks */ = {
			isa = PBXFrameworksBuildPhase;
			buildActionMask = 2147483647;
			files = (
			);
			runOnlyForDeploymentPostprocessing = 0;
		};
/* End PBXFrameworksBuildPhase section */

/* Begin PBXGroup section */
		CB3B81D422F246AB00D8A091 = {
			isa = PBXGroup;
			children = (
				CB3B81DF22F246AB00D8A091 /* ticTacToe */,
				CB3B81F422F246AC00D8A091 /* ticTacToeTests */,
				CB3B81FF22F246AC00D8A091 /* ticTacToeUITests */,
				CB3B81DE22F246AB00D8A091 /* Products */,
			);
			sourceTree = "<group>";
		};
		CB3B81DE22F246AB00D8A091 /* Products */ = {
			isa = PBXGroup;
			children = (
				CB3B81DD22F246AB00D8A091 /* ticTacToe.app */,
				CB3B81F122F246AC00D8A091 /* ticTacToeTests.xctest */,
				CB3B81FC22F246AC00D8A091 /* ticTacToeUITests.xctest */,
			);
			name = Products;
			sourceTree = "<group>";
		};
		CB3B81DF22F246AB00D8A091 /* ticTacToe */ = {
			isa = PBXGroup;
			children = (
				CB3B81E022F246AB00D8A091 /* AppDelegate.swift */,
				CB3B81E222F246AB00D8A091 /* ViewController.swift */,
				CB3B81E422F246AB00D8A091 /* Main.storyboard */,
				CB0B687D22F47B64002C5234 /* file.swift */,
				CB3B81E722F246AC00D8A091 /* Assets.xcassets */,
				CB3B81E922F246AC00D8A091 /* LaunchScreen.storyboard */,
				CB3B81EC22F246AC00D8A091 /* Info.plist */,
			);
			path = ticTacToe;
			sourceTree = "<group>";
		};
		CB3B81F422F246AC00D8A091 /* ticTacToeTests */ = {
			isa = PBXGroup;
			children = (
				CB3B81F522F246AC00D8A091 /* ticTacToeTests.swift */,
				CB3B81F722F246AC00D8A091 /* Info.plist */,
			);
			path = ticTacToeTests;
			sourceTree = "<group>";
		};
		CB3B81FF22F246AC00D8A091 /* ticTacToeUITests */ = {
			isa = PBXGroup;
			children = (
				CB3B820022F246AC00D8A091 /* ticTacToeUITests.swift */,
				CB3B820222F246AC00D8A091 /* Info.plist */,
			);
			path = ticTacToeUITests;
			sourceTree = "<group>";
		};
/* End PBXGroup section */

/* Begin PBXNativeTarget section */
		CB3B81DC22F246AB00D8A091 /* ticTacToe */ = {
			isa = PBXNativeTarget;
			buildConfigurationList = CB3B820522F246AC00D8A091 /* Build configuration list for PBXNativeTarget "ticTacToe" */;
			buildPhases = (
				CB3B81D922F246AB00D8A091 /* Sources */,
				CB3B81DA22F246AB00D8A091 /* Frameworks */,
				CB3B81DB22F246AB00D8A091 /* Resources */,
			);
			buildRules = (
			);
			dependencies = (
			);
			name = ticTacToe;
			productName = ticTacToe;
			productReference = CB3B81DD22F246AB00D8A091 /* ticTacToe.app */;
			productType = "com.apple.product-type.application";
		};
		CB3B81F022F246AC00D8A091 /* ticTacToeTests */ = {
			isa = PBXNativeTarget;
			buildConfigurationList = CB3B820822F246AC00D8A091 /* Build configuration list for PBXNativeTarget "ticTacToeTests" */;
			buildPhases = (
				CB3B81ED22F246AC00D8A091 /* Sources */,
				CB3B81EE22F246AC00D8A091 /* Frameworks */,
				CB3B81EF22F246AC00D8A091 /* Resources */,
			);
			buildRules = (
			);
			dependencies = (
				CB3B81F322F246AC00D8A091 /* PBXTargetDependency */,
			);
			name = ticTacToeTests;
			productName = ticTacToeTests;
			productReference = CB3B81F122F246AC00D8A091 /* ticTacToeTests.xctest */;
			productType = "com.apple.product-type.bundle.unit-test";
		};
		CB3B81FB22F246AC00D8A091 /* ticTacToeUITests */ = {
			isa = PBXNativeTarget;
			buildConfigurationList = CB3B820B22F246AC00D8A091 /* Build configuration list for PBXNativeTarget "ticTacToeUITests" */;
			buildPhases = (
				CB3B81F822F246AC00D8A091 /* Sources */,
				CB3B81F922F246AC00D8A091 /* Frameworks */,
				CB3B81FA22F246AC00D8A091 /* Resources */,
			);
			buildRules = (
			);
			dependencies = (
				CB3B81FE22F246AC00D8A091 /* PBXTargetDependency */,
			);
			name = ticTacToeUITests;
			productName = ticTacToeUITests;
			productReference = CB3B81FC22F246AC00D8A091 /* ticTacToeUITests.xctest */;
			productType = "com.apple.product-type.bundle.ui-testing";
		};
/* End PBXNativeTarget section */

/* Begin PBXProject section */
		CB3B81D522F246AB00D8A091 /* Project object */ = {
			isa = PBXProject;
			attributes = {
				LastSwiftUpdateCheck = 1020;
				LastUpgradeCheck = 1020;
				ORGANIZATIONNAME = God;
				TargetAttributes = {
					CB3B81DC22F246AB00D8A091 = {
						CreatedOnToolsVersion = 10.2.1;
					};
					CB3B81F022F246AC00D8A091 = {
						CreatedOnToolsVersion = 10.2.1;
						TestTargetID = CB3B81DC22F246AB00D8A091;
					};
					CB3B81FB22F246AC00D8A091 = {
						CreatedOnToolsVersion = 10.2.1;
						TestTargetID = CB3B81DC22F246AB00D8A091;
					};
				};
			};
			buildConfigurationList = CB3B81D822F246AB00D8A091 /* Build configuration list for PBXProject "ticTacToe" */;
			compatibilityVersion = "Xcode 9.3";
			developmentRegion = en;
			hasScannedForEncodings = 0;
			knownRegions = (
				en,
				Base,
			);
			mainGroup = CB3B81D422F246AB00D8A091;
			productRefGroup = CB3B81DE22F246AB00D8A091 /* Products */;
			projectDirPath = "";
			projectRoot = "";
			targets = (
				CB3B81DC22F246AB00D8A091 /* ticTacToe */,
				CB3B81F022F246AC00D8A091 /* ticTacToeTests */,
				CB3B81FB22F246AC00D8A091 /* ticTacToeUITests */,
			);
		};
/* End PBXProject section */

/* Begin PBXResourcesBuildPhase section */
		CB3B81DB22F246AB00D8A091 /* Resources */ = {
			isa = PBXResourcesBuildPhase;
			buildActionMask = 2147483647;
			files = (
				CB3B81EB22F246AC00D8A091 /* LaunchScreen.storyboard in Resources */,
				CB3B81E822F246AC00D8A091 /* Assets.xcassets in Resources */,
				CB3B81E622F246AB00D8A091 /* Main.storyboard in Resources */,
			);
			runOnlyForDeploymentPostprocessing = 0;
		};
		CB3B81EF22F246AC00D8A091 /* Resources */ = {
			isa = PBXResourcesBuildPhase;
			buildActionMask = 2147483647;
			files = (
			);
			runOnlyForDeploymentPostprocessing = 0;
		};
		CB3B81FA22F246AC00D8A091 /* Resources */ = {
			isa = PBXResourcesBuildPhase;
			buildActionMask = 2147483647;
			files = (
			);
			runOnlyForDeploymentPostprocessing = 0;
		};
/* End PBXResourcesBuildPhase section */

/* Begin PBXSourcesBuildPhase section */
		CB3B81D922F246AB00D8A091 /* Sources */ = {
			isa = PBXSourcesBuildPhase;
			buildActionMask = 2147483647;
			files = (
				CB3B81E322F246AB00D8A091 /* ViewController.swift in Sources */,
				CB0B687E22F47B64002C5234 /* file.swift in Sources */,
				CB3B81E122F246AB00D8A091 /* AppDelegate.swift in Sources */,
			);
			runOnlyForDeploymentPostprocessing = 0;
		};
		CB3B81ED22F246AC00D8A091 /* Sources */ = {
			isa = PBXSourcesBuildPhase;
			buildActionMask = 2147483647;
			files = (
				CB3B81F622F246AC00D8A091 /* ticTacToeTests.swift in Sources */,
			);
			runOnlyForDeploymentPostprocessing = 0;
		};
		CB3B81F822F246AC00D8A091 /* Sources */ = {
			isa = PBXSourcesBuildPhase;
			buildActionMask = 2147483647;
			files = (
				CB3B820122F246AC00D8A091 /* ticTacToeUITests.swift in Sources */,
			);
			runOnlyForDeploymentPostprocessing = 0;
		};
/* End PBXSourcesBuildPhase section */

/* Begin PBXTargetDependency section */
		CB3B81F322F246AC00D8A091 /* PBXTargetDependency */ = {
			isa = PBXTargetDependency;
			target = CB3B81DC22F246AB00D8A091 /* ticTacToe */;
			targetProxy = CB3B81F222F246AC00D8A091 /* PBXContainerItemProxy */;
		};
		CB3B81FE22F246AC00D8A091 /* PBXTargetDependency */ = {
			isa = PBXTargetDependency;
			target = CB3B81DC22F246AB00D8A091 /* ticTacToe */;
			targetProxy = CB3B81FD22F246AC00D8A091 /* PBXContainerItemProxy */;
		};
/* End PBXTargetDependency section */

/* Begin PBXVariantGroup section */
		CB3B81E422F246AB00D8A091 /* Main.storyboard */ = {
			isa = PBXVariantGroup;
			children = (
				CB3B81E522F246AB00D8A091 /* Base */,
			);
			name = Main.storyboard;
			sourceTree = "<group>";
		};
		CB3B81E922F246AC00D8A091 /* LaunchScreen.storyboard */ = {
			isa = PBXVariantGroup;
			children = (
				CB3B81EA22F246AC00D8A091 /* Base */,
			);
			name = LaunchScreen.storyboard;
			sourceTree = "<group>";
		};
/* End PBXVariantGroup section */

/* Begin XCBuildConfiguration section */
		CB3B820322F246AC00D8A091 /* Debug */ = {
			isa = XCBuildConfiguration;
			buildSettings = {
				ALWAYS_SEARCH_USER_PATHS = NO;
				CLANG_ANALYZER_NONNULL = YES;
				CLANG_ANALYZER_NUMBER_OBJECT_CONVERSION = YES_AGGRESSIVE;
				CLANG_CXX_LANGUAGE_STANDARD = "gnu++14";
				CLANG_CXX_LIBRARY = "libc++";
				CLANG_ENABLE_MODULES = YES;
				CLANG_ENABLE_OBJC_ARC = YES;
				CLANG_ENABLE_OBJC_WEAK = YES;
				CLANG_WARN_BLOCK_CAPTURE_AUTORELEASING = YES;
				CLANG_WARN_BOOL_CONVERSION = YES;
				CLANG_WARN_COMMA = YES;
				CLANG_WARN_CONSTANT_CONVERSION = YES;
				CLANG_WARN_DEPRECATED_OBJC_IMPLEMENTATIONS = YES;
				CLANG_WARN_DIRECT_OBJC_ISA_USAGE = YES_ERROR;
				CLANG_WARN_DOCUMENTATION_COMMENTS = YES;
				CLANG_WARN_EMPTY_BODY = YES;
				CLANG_WARN_ENUM_CONVERSION = YES;
				CLANG_WARN_INFINITE_RECURSION = YES;
				CLANG_WARN_INT_CONVERSION = YES;
				CLANG_WARN_NON_LITERAL_NULL_CONVERSION = YES;
				CLANG_WARN_OBJC_IMPLICIT_RETAIN_SELF = YES;
				CLANG_WARN_OBJC_LITERAL_CONVERSION = YES;
				CLANG_WARN_OBJC_ROOT_CLASS = YES_ERROR;
				CLANG_WARN_RANGE_LOOP_ANALYSIS = YES;
				CLANG_WARN_STRICT_PROTOTYPES = YES;
				CLANG_WARN_SUSPICIOUS_MOVE = YES;
				CLANG_WARN_UNGUARDED_AVAILABILITY = YES_AGGRESSIVE;
				CLANG_WARN_UNREACHABLE_CODE = YES;
				CLANG_WARN__DUPLICATE_METHOD_MATCH = YES;
				CODE_SIGN_IDENTITY = "iPhone Developer";
				COPY_PHASE_STRIP = NO;
				DEBUG_INFORMATION_FORMAT = dwarf;
				ENABLE_STRICT_OBJC_MSGSEND = YES;
				ENABLE_TESTABILITY = YES;
				GCC_C_LANGUAGE_STANDARD = gnu11;
				GCC_DYNAMIC_NO_PIC = NO;
				GCC_NO_COMMON_BLOCKS = YES;
				GCC_OPTIMIZATION_LEVEL = 0;
				GCC_PREPROCESSOR_DEFINITIONS = (
					"DEBUG=1",
					"$(inherited)",
				);
				GCC_WARN_64_TO_32_BIT_CONVERSION = YES;
				GCC_WARN_ABOUT_RETURN_TYPE = YES_ERROR;
				GCC_WARN_UNDECLARED_SELECTOR = YES;
				GCC_WARN_UNINITIALIZED_AUTOS = YES_AGGRESSIVE;
				GCC_WARN_UNUSED_FUNCTION = YES;
				GCC_WARN_UNUSED_VARIABLE = YES;
				IPHONEOS_DEPLOYMENT_TARGET = 12.2;
				MTL_ENABLE_DEBUG_INFO = INCLUDE_SOURCE;
				MTL_FAST_MATH = YES;
				ONLY_ACTIVE_ARCH = YES;
				SDKROOT = iphoneos;
				SWIFT_ACTIVE_COMPILATION_CONDITIONS = DEBUG;
				SWIFT_OPTIMIZATION_LEVEL = "-Onone";
			};
			name = Debug;
		};
		CB3B820422F246AC00D8A091 /* Release */ = {
			isa = XCBuildConfiguration;
			buildSettings = {
				ALWAYS_SEARCH_USER_PATHS = NO;
				CLANG_ANALYZER_NONNULL = YES;
				CLANG_ANALYZER_NUMBER_OBJECT_CONVERSION = YES_AGGRESSIVE;
				CLANG_CXX_LANGUAGE_STANDARD = "gnu++14";
				CLANG_CXX_LIBRARY = "libc++";
				CLANG_ENABLE_MODULES = YES;
				CLANG_ENABLE_OBJC_ARC = YES;
				CLANG_ENABLE_OBJC_WEAK = YES;
				CLANG_WARN_BLOCK_CAPTURE_AUTORELEASING = YES;
				CLANG_WARN_BOOL_CONVERSION = YES;
				CLANG_WARN_COMMA = YES;
				CLANG_WARN_CONSTANT_CONVERSION = YES;
				CLANG_WARN_DEPRECATED_OBJC_IMPLEMENTATIONS = YES;
				CLANG_WARN_DIRECT_OBJC_ISA_USAGE = YES_ERROR;
				CLANG_WARN_DOCUMENTATION_COMMENTS = YES;
				CLANG_WARN_EMPTY_BODY = YES;
				CLANG_WARN_ENUM_CONVERSION = YES;
				CLANG_WARN_INFINITE_RECURSION = YES;
				CLANG_WARN_INT_CONVERSION = YES;
				CLANG_WARN_NON_LITERAL_NULL_CONVERSION = YES;
				CLANG_WARN_OBJC_IMPLICIT_RETAIN_SELF = YES;
				CLANG_WARN_OBJC_LITERAL_CONVERSION = YES;
				CLANG_WARN_OBJC_ROOT_CLASS = YES_ERROR;
				CLANG_WARN_RANGE_LOOP_ANALYSIS = YES;
				CLANG_WARN_STRICT_PROTOTYPES = YES;
				CLANG_WARN_SUSPICIOUS_MOVE = YES;
				CLANG_WARN_UNGUARDED_AVAILABILITY = YES_AGGRESSIVE;
				CLANG_WARN_UNREACHABLE_CODE = YES;
				CLANG_WARN__DUPLICATE_METHOD_MATCH = YES;
				CODE_SIGN_IDENTITY = "iPhone Developer";
				COPY_PHASE_STRIP = NO;
				DEBUG_INFORMATION_FORMAT = "dwarf-with-dsym";
				ENABLE_NS_ASSERTIONS = NO;
				ENABLE_STRICT_OBJC_MSGSEND = YES;
				GCC_C_LANGUAGE_STANDARD = gnu11;
				GCC_NO_COMMON_BLOCKS = YES;
				GCC_WARN_64_TO_32_BIT_CONVERSION = YES;
				GCC_WARN_ABOUT_RETURN_TYPE = YES_ERROR;
				GCC_WARN_UNDECLARED_SELECTOR = YES;
				GCC_WARN_UNINITIALIZED_AUTOS = YES_AGGRESSIVE;
				GCC_WARN_UNUSED_FUNCTION = YES;
				GCC_WARN_UNUSED_VARIABLE = YES;
				IPHONEOS_DEPLOYMENT_TARGET = 12.2;
				MTL_ENABLE_DEBUG_INFO = NO;
				MTL_FAST_MATH = YES;
				SDKROOT = iphoneos;
				SWIFT_COMPILATION_MODE = wholemodule;
				SWIFT_OPTIMIZATION_LEVEL = "-O";
				VALIDATE_PRODUCT = YES;
			};
			name = Release;
		};
		CB3B820622F246AC00D8A091 /* Debug */ = {
			isa = XCBuildConfiguration;
			buildSettings = {
				ASSETCATALOG_COMPILER_APPICON_NAME = AppIcon;
				CODE_SIGN_STYLE = Automatic;
				INFOPLIST_FILE = ticTacToe/Info.plist;
				LD_RUNPATH_SEARCH_PATHS = (
					"$(inherited)",
					"@executable_path/Frameworks",
				);
				PRODUCT_BUNDLE_IDENTIFIER = "The-Best-Programmer-Ever.ticTacToe";
				PRODUCT_NAME = "$(TARGET_NAME)";
				SWIFT_VERSION = 5.0;
				TARGETED_DEVICE_FAMILY = "1,2";
			};
			name = Debug;
		};
		CB3B820722F246AC00D8A091 /* Release */ = {
			isa = XCBuildConfiguration;
			buildSettings = {
				ASSETCATALOG_COMPILER_APPICON_NAME = AppIcon;
				CODE_SIGN_STYLE = Automatic;
				INFOPLIST_FILE = ticTacToe/Info.plist;
				LD_RUNPATH_SEARCH_PATHS = (
					"$(inherited)",
					"@executable_path/Frameworks",
				);
				PRODUCT_BUNDLE_IDENTIFIER = "The-Best-Programmer-Ever.ticTacToe";
				PRODUCT_NAME = "$(TARGET_NAME)";
				SWIFT_VERSION = 5.0;
				TARGETED_DEVICE_FAMILY = "1,2";
			};
			name = Release;
		};
		CB3B820922F246AC00D8A091 /* Debug */ = {
			isa = XCBuildConfiguration;
			buildSettings = {
				ALWAYS_EMBED_SWIFT_STANDARD_LIBRARIES = YES;
				BUNDLE_LOADER = "$(TEST_HOST)";
				CODE_SIGN_STYLE = Automatic;
				INFOPLIST_FILE = ticTacToeTests/Info.plist;
				LD_RUNPATH_SEARCH_PATHS = (
					"$(inherited)",
					"@executable_path/Frameworks",
					"@loader_path/Frameworks",
				);
				PRODUCT_BUNDLE_IDENTIFIER = "The-Best-Programmer-Ever.ticTacToeTests";
				PRODUCT_NAME = "$(TARGET_NAME)";
				SWIFT_VERSION = 5.0;
				TARGETED_DEVICE_FAMILY = "1,2";
				TEST_HOST = "$(BUILT_PRODUCTS_DIR)/ticTacToe.app/ticTacToe";
			};
			name = Debug;
		};
		CB3B820A22F246AC00D8A091 /* Release */ = {
			isa = XCBuildConfiguration;
			buildSettings = {
				ALWAYS_EMBED_SWIFT_STANDARD_LIBRARIES = YES;
				BUNDLE_LOADER = "$(TEST_HOST)";
				CODE_SIGN_STYLE = Automatic;
				INFOPLIST_FILE = ticTacToeTests/Info.plist;
				LD_RUNPATH_SEARCH_PATHS = (
					"$(inherited)",
					"@executable_path/Frameworks",
					"@loader_path/Frameworks",
				);
				PRODUCT_BUNDLE_IDENTIFIER = "The-Best-Programmer-Ever.ticTacToeTests";
				PRODUCT_NAME = "$(TARGET_NAME)";
				SWIFT_VERSION = 5.0;
				TARGETED_DEVICE_FAMILY = "1,2";
				TEST_HOST = "$(BUILT_PRODUCTS_DIR)/ticTacToe.app/ticTacToe";
			};
			name = Release;
		};
		CB3B820C22F246AC00D8A091 /* Debug */ = {
			isa = XCBuildConfiguration;
			buildSettings = {
				ALWAYS_EMBED_SWIFT_STANDARD_LIBRARIES = YES;
				CODE_SIGN_STYLE = Automatic;
				INFOPLIST_FILE = ticTacToeUITests/Info.plist;
				LD_RUNPATH_SEARCH_PATHS = (
					"$(inherited)",
					"@executable_path/Frameworks",
					"@loader_path/Frameworks",
				);
				PRODUCT_BUNDLE_IDENTIFIER = "The-Best-Programmer-Ever.ticTacToeUITests";
				PRODUCT_NAME = "$(TARGET_NAME)";
				SWIFT_VERSION = 5.0;
				TARGETED_DEVICE_FAMILY = "1,2";
				TEST_TARGET_NAME = ticTacToe;
			};
			name = Debug;
		};
		CB3B820D22F246AC00D8A091 /* Release */ = {
			isa = XCBuildConfiguration;
			buildSettings = {
				ALWAYS_EMBED_SWIFT_STANDARD_LIBRARIES = YES;
				CODE_SIGN_STYLE = Automatic;
				INFOPLIST_FILE = ticTacToeUITests/Info.plist;
				LD_RUNPATH_SEARCH_PATHS = (
					"$(inherited)",
					"@executable_path/Frameworks",
					"@loader_path/Frameworks",
				);
				PRODUCT_BUNDLE_IDENTIFIER = "The-Best-Programmer-Ever.ticTacToeUITests";
				PRODUCT_NAME = "$(TARGET_NAME)";
				SWIFT_VERSION = 5.0;
				TARGETED_DEVICE_FAMILY = "1,2";
				TEST_TARGET_NAME = ticTacToe;
			};
			name = Release;
		};
/* End XCBuildConfiguration section */

/* Begin XCConfigurationList section */
		CB3B81D822F246AB00D8A091 /* Build configuration list for PBXProject "ticTacToe" */ = {
			isa = XCConfigurationList;
			buildConfigurations = (
				CB3B820322F246AC00D8A091 /* Debug */,
				CB3B820422F246AC00D8A091 /* Release */,
			);
			defaultConfigurationIsVisible = 0;
			defaultConfigurationName = Release;
		};
		CB3B820522F246AC00D8A091 /* Build configuration list for PBXNativeTarget "ticTacToe" */ = {
			isa = XCConfigurationList;
			buildConfigurations = (
				CB3B820622F246AC00D8A091 /* Debug */,
				CB3B820722F246AC00D8A091 /* Release */,
			);
			defaultConfigurationIsVisible = 0;
			defaultConfigurationName = Release;
		};
		CB3B820822F246AC00D8A091 /* Build configuration list for PBXNativeTarget "ticTacToeTests" */ = {
			isa = XCConfigurationList;
			buildConfigurations = (
				CB3B820922F246AC00D8A091 /* Debug */,
				CB3B820A22F246AC00D8A091 /* Release */,
			);
			defaultConfigurationIsVisible = 0;
			defaultConfigurationName = Release;
		};
		CB3B820B22F246AC00D8A091 /* Build configuration list for PBXNativeTarget "ticTacToeUITests" */ = {
			isa = XCConfigurationList;
			buildConfigurations = (
				CB3B820C22F246AC00D8A091 /* Debug */,
				CB3B820D22F246AC00D8A091 /* Release */,
			);
			defaultConfigurationIsVisible = 0;
			defaultConfigurationName = Release;
		};
/* End XCConfigurationList section */
	};
	rootObject = CB3B81D522F246AB00D8A091 /* Project object */;
}
